
Microsoft Visual Studio Solution File, Format Version 12.00
# Visual Studio 14
VisualStudioVersion = 14.0.25420.1
MinimumVisualStudioVersion = 10.0.40219.1
Project("{FAE04EC0-301F-11D3-BF4B-00C04F79EFBC}") = "KinectRecorder", "KinectRecorder\KinectRecorder.csproj", "{B1D8D3DC-BA6C-4EA1-978E-B254C44DC20D}"
EndProject
Project("{FAE04EC0-301F-11D3-BF4B-00C04F79EFBC}") = "AviFile", "..\..\..\..\Downloads\avifilewrapper_src\aviFileWrapper_src\AviFile.csproj", "{ABB32A29-AF50-47FA-B243-5FD75A5ABA54}"
EndProject
Global
	GlobalSection(SolutionConfigurationPlatforms) = preSolution
		Debug|Any CPU = Debug|Any CPU
		Debug|x64 = Debug|x64
		Release|Any CPU = Release|Any CPU
		Release|x64 = Release|x64
	EndGlobalSection
	GlobalSection(ProjectConfigurationPlatforms) = postSolution
		{B1D8D3DC-BA6C-4EA1-978E-B254C44DC20D}.Debug|Any CPU.ActiveCfg = Debug|Any CPU
		{B1D8D3DC-BA6C-4EA1-978E-B254C44DC20D}.Debug|Any CPU.Build.0 = Debug|Any CPU
		{B1D8D3DC-BA6C-4EA1-978E-B254C44DC20D}.Debug|x64.ActiveCfg = Debug|x64
		{B1D8D3DC-BA6C-4EA1-978E-B254C44DC20D}.Debug|x64.Build.0 = Debug|x64
		{B1D8D3DC-BA6C-4EA1-978E-B254C44DC20D}.Release|Any CPU.ActiveCfg = Release|Any CPU
		{B1D8D3DC-BA6C-4EA1-978E-B254C44DC20D}.Release|Any CPU.Build.0 = Release|Any CPU
		{B1D8D3DC-BA6C-4EA1-978E-B254C44DC20D}.Release|x64.ActiveCfg = Release|x64
		{B1D8D3DC-BA6C-4EA1-978E-B254C44DC20D}.Release|x64.Build.0 = Release|x64
		{ABB32A29-AF50-47FA-B243-5FD75A5ABA54}.Debug|Any CPU.ActiveCfg = Debug|Any CPU
		{ABB32A29-AF50-47FA-B243-5FD75A5ABA54}.Debug|Any CPU.Build.0 = Debug|Any CPU
		{ABB32A29-AF50-47FA-B243-5FD75A5ABA54}.Debug|x64.ActiveCfg = Debug|Any CPU
		{ABB32A29-AF50-47FA-B243-5FD75A5ABA54}.Debug|x64.Build.0 = Debug|Any CPU
		{ABB32A29-AF50-47FA-B243-5FD75A5ABA54}.Release|Any CPU.ActiveCfg = Release|Any CPU
		{ABB32A29-AF50-47FA-B243-5FD75A5ABA54}.Release|Any CPU.Build.0 = Release|Any CPU
		{ABB32A29-AF50-47FA-B243-5FD75A5ABA54}.Release|x64.ActiveCfg = Release|Any CPU
		{ABB32A29-AF50-47FA-B243-5FD75A5ABA54}.Release|x64.Build.0 = Release|Any CPU
	EndGlobalSection
	GlobalSection(SolutionProperties) = preSolution
		HideSolutionNode = FALSE
	EndGlobalSection
EndGlobal
